
Microsoft Visual Studio Solution File, Format Version 12.00
# Visual Studio 2012
Project("{8BC9CEB8-8B4A-11D0-8D11-00A0C91BC942}") = "StateProxy", "StateProxy.vcxproj", "{B34BCAEB-44E2-45EB-A1D6-85E26B2DB1AA}"
EndProject
Global
	GlobalSection(SolutionConfigurationPlatforms) = preSolution
		Debug|Win32 = Debug|Win32
		Release|Win32 = Release|Win32
	EndGlobalSection
	GlobalSection(ProjectConfigurationPlatforms) = postSolution
		{B34BCAEB-44E2-45EB-A1D6-85E26B2DB1AA}.Debug|Win32.ActiveCfg = Debug|Win32
		{B34BCAEB-44E2-45EB-A1D6-85E26B2DB1AA}.Debug|Win32.Build.0 = Debug|Win32
		{B34BCAEB-44E2-45EB-A1D6-85E26B2DB1AA}.Release|Win32.ActiveCfg = Release|Win32
		{B34BCAEB-44E2-45EB-A1D6-85E26B2DB1AA}.Release|Win32.Build.0 = Release|Win32
	EndGlobalSection
	GlobalSection(SolutionProperties) = preSolution
		HideSolutionNode = FALSE
	EndGlobalSection
EndGlobal
